
Microsoft Visual Studio Solution File, Format Version 12.00
# Visual Studio 15
VisualStudioVersion = 15.0.27130.2036
MinimumVisualStudioVersion = 10.0.40219.1
Project("{FAE04EC0-301F-11D3-BF4B-00C04F79EFBC}") = "Assignment5", "Assignment5\Assignment5.csproj", "{C927BA09-7950-4C42-82B0-37592D51CB9C}"
EndProject
Global
	GlobalSection(SolutionConfigurationPlatforms) = preSolution
		Debug|Any CPU = Debug|Any CPU
		Release|Any CPU = Release|Any CPU
	EndGlobalSection
	GlobalSection(ProjectConfigurationPlatforms) = postSolution
		{C927BA09-7950-4C42-82B0-37592D51CB9C}.Debug|Any CPU.ActiveCfg = Debug|Any CPU
		{C927BA09-7950-4C42-82B0-37592D51CB9C}.Debug|Any CPU.Build.0 = Debug|Any CPU
		{C927BA09-7950-4C42-82B0-37592D51CB9C}.Release|Any CPU.ActiveCfg = Release|Any CPU
		{C927BA09-7950-4C42-82B0-37592D51CB9C}.Release|Any CPU.Build.0 = Release|Any CPU
	EndGlobalSection
	GlobalSection(SolutionProperties) = preSolution
		HideSolutionNode = FALSE
	EndGlobalSection
	GlobalSection(ExtensibilityGlobals) = postSolution
		SolutionGuid = {CD17F46A-4074-42E2-823B-2A072290263A}
	EndGlobalSection
EndGlobal
